// !$*UTF8*$!
{
	archiveVersion = 1;
	classes = {
	};
	objectVersion = 77;
	objects = {

/* Begin PBXBuildFile section */
		2B64FA6A2F568FE40052264B /* DarkReaderExtension.appex in Embed Foundation Extensions */ = {isa = PBXBuildFile; fileRef = 2B64FA522F568FE40052264B /* DarkReaderExtension.appex */; settings = {ATTRIBUTES = (RemoveHeadersOnCopy, ); }; };
		A9F697FA4DD768250E5306D4 /* DarkReaderWidget.appex in Embed Foundation Extensions */ = {isa = PBXBuildFile; fileRef = FB4F3094848B57984E4A561E /* DarkReaderWidget.appex */; settings = {ATTRIBUTES = (RemoveHeadersOnCopy, ); }; };
		F6EB3B99185D2169F3769B45 /* DarkReaderWidget.swift in Sources */ = {isa = PBXBuildFile; fileRef = 633E74600263CF94AFC95B07 /* DarkReaderWidget.swift */; };
/* End PBXBuildFile section */

/* Begin PBXContainerItemProxy section */
		2B64F9E02F568EA10052264B /* PBXContainerItemProxy */ = {
			isa = PBXContainerItemProxy;
			containerPortal = 2B64F9CA2F568E9D0052264B /* Project object */;
			proxyType = 1;
			remoteGlobalIDString = 2B64F9D12F568E9E0052264B;
			remoteInfo = DarkReader;
		};
		2B64F9EA2F568EA10052264B /* PBXContainerItemProxy */ = {
			isa = PBXContainerItemProxy;
			containerPortal = 2B64F9CA2F568E9D0052264B /* Project object */;
			proxyType = 1;
			remoteGlobalIDString = 2B64F9D12F568E9E0052264B;
			remoteInfo = DarkReader;
		};
		2B64FA682F568FE40052264B /* PBXContainerItemProxy */ = {
			isa = PBXContainerItemProxy;
			containerPortal = 2B64F9CA2F568E9D0052264B /* Project object */;
			proxyType = 1;
			remoteGlobalIDString = 2B64FA512F568FE40052264B;
			remoteInfo = DarkReaderExtension;
		};
		AB9A4B437519E110767AEFC5 /* PBXContainerItemProxy */ = {
			isa = PBXContainerItemProxy;
			containerPortal = 2B64F9CA2F568E9D0052264B /* Project object */;
			proxyType = 1;
			remoteGlobalIDString = F93B9B9EECE797290F34A041;
			remoteInfo = DarkReaderWidget;
		};
/* End PBXContainerItemProxy section */

/* Begin PBXCopyFilesBuildPhase section */
		2B64FA6B2F568FE40052264B /* Embed Foundation Extensions */ = {
			isa = PBXCopyFilesBuildPhase;
			buildActionMask = 2147483647;
			dstPath = "";
			dstSubfolderSpec = 13;
			files = (
				2B64FA6A2F568FE40052264B /* DarkReaderExtension.appex in Embed Foundation Extensions */,
				A9F697FA4DD768250E5306D4 /* DarkReaderWidget.appex in Embed Foundation Extensions */,
			);
			name = "Embed Foundation Extensions";
			runOnlyForDeploymentPostprocessing = 0;
		};
/* End PBXCopyFilesBuildPhase section */

/* Begin PBXFileReference section */
		2B64F9D22F568E9E0052264B /* DarkReader.app */ = {isa = PBXFileReference; explicitFileType = wrapper.application; includeInIndex = 0; path = DarkReader.app; sourceTree = BUILT_PRODUCTS_DIR; };
		2B64F9DF2F568EA10052264B /* DarkReaderTests.xctest */ = {isa = PBXFileReference; explicitFileType = wrapper.cfbundle; includeInIndex = 0; path = DarkReaderTests.xctest; sourceTree = BUILT_PRODUCTS_DIR; };
		2B64F9E92F568EA10052264B /* DarkReaderUITests.xctest */ = {isa = PBXFileReference; explicitFileType = wrapper.cfbundle; includeInIndex = 0; path = DarkReaderUITests.xctest; sourceTree = BUILT_PRODUCTS_DIR; };
		2B64FA522F568FE40052264B /* DarkReaderExtension.appex */ = {isa = PBXFileReference; explicitFileType = "wrapper.app-extension"; includeInIndex = 0; path = DarkReaderExtension.appex; sourceTree = BUILT_PRODUCTS_DIR; };
		633E74600263CF94AFC95B07 /* DarkReaderWidget.swift */ = {isa = PBXFileReference; includeInIndex = 1; lastKnownFileType = sourcecode.swift; path = DarkReaderWidget.swift; sourceTree = "<group>"; };
		CEAEDC64C161CE473C0A4B20 /* DarkReaderWidget.entitlements */ = {isa = PBXFileReference; includeInIndex = 1; lastKnownFileType = text.plist.entitlements; path = DarkReaderWidget.entitlements; sourceTree = "<group>"; };
		F6C59DDFA00E25611359043D /* Info.plist */ = {isa = PBXFileReference; includeInIndex = 1; lastKnownFileType = text.plist.xml; path = Info.plist; sourceTree = "<group>"; };
		FB4F3094848B57984E4A561E /* DarkReaderWidget.appex */ = {isa = PBXFileReference; explicitFileType = "wrapper.app-extension"; includeInIndex = 0; path = DarkReaderWidget.appex; sourceTree = BUILT_PRODUCTS_DIR; };
/* End PBXFileReference section */

/* Begin PBXFileSystemSynchronizedBuildFileExceptionSet section */
		2B64FA6E2F568FE40052264B /* Exceptions for "DarkReaderExtension" folder in "DarkReaderExtension" target */ = {
			isa = PBXFileSystemSynchronizedBuildFileExceptionSet;
			membershipExceptions = (
				Info.plist,
			);
			target = 2B64FA512F568FE40052264B /* DarkReaderExtension */;
		};
		2B64FA8E2F568FE40052264B /* Exceptions for "DarkReader" folder in "DarkReader" target */ = {
			isa = PBXFileSystemSynchronizedBuildFileExceptionSet;
			membershipExceptions = (
				Info.plist,
			);
			target = 2B64F9D12F568E9E0052264B /* DarkReader */;
		};
/* End PBXFileSystemSynchronizedBuildFileExceptionSet section */

/* Begin PBXFileSystemSynchronizedRootGroup section */
		2B64F9D42F568E9E0052264B /* DarkReader */ = {
			isa = PBXFileSystemSynchronizedRootGroup;
			exceptions = (
				2B64FA8E2F568FE40052264B /* Exceptions for "DarkReader" folder in "DarkReader" target */,
			);
			path = DarkReader;
			sourceTree = "<group>";
		};
		2B64F9E22F568EA10052264B /* DarkReaderTests */ = {
			isa = PBXFileSystemSynchronizedRootGroup;
			path = DarkReaderTests;
			sourceTree = "<group>";
		};
		2B64F9EC2F568EA10052264B /* DarkReaderUITests */ = {
			isa = PBXFileSystemSynchronizedRootGroup;
			path = DarkReaderUITests;
			sourceTree = "<group>";
		};
		2B64FA532F568FE40052264B /* DarkReaderExtension */ = {
			isa = PBXFileSystemSynchronizedRootGroup;
			exceptions = (
				2B64FA6E2F568FE40052264B /* Exceptions for "DarkReaderExtension" folder in "DarkReaderExtension" target */,
			);
			path = DarkReaderExtension;
			sourceTree = "<group>";
		};
/* End PBXFileSystemSynchronizedRootGroup section */

/* Begin PBXFrameworksBuildPhase section */
		2B64F9CF2F568E9E0052264B /* Frameworks */ = {
			isa = PBXFrameworksBuildPhase;
			buildActionMask = 2147483647;
			files = (
			);
			runOnlyForDeploymentPostprocessing = 0;
		};
		2B64F9DC2F568EA10052264B /* Frameworks */ = {
			isa = PBXFrameworksBuildPhase;
			buildActionMask = 2147483647;
			files = (
			);
			runOnlyForDeploymentPostprocessing = 0;
		};
		2B64F9E62F568EA10052264B /* Frameworks */ = {
			isa = PBXFrameworksBuildPhase;
			buildActionMask = 2147483647;
			files = (
			);
			runOnlyForDeploymentPostprocessing = 0;
		};
		2B64FA4F2F568FE40052264B /* Frameworks */ = {
			isa = PBXFrameworksBuildPhase;
			buildActionMask = 2147483647;
			files = (
			);
			runOnlyForDeploymentPostprocessing = 0;
		};
		3C09CDB5C65AA96D1FC82637 /* Frameworks */ = {
			isa = PBXFrameworksBuildPhase;
			buildActionMask = 2147483647;
			files = (
			);
			runOnlyForDeploymentPostprocessing = 0;
		};
/* End PBXFrameworksBuildPhase section */

/* Begin PBXGroup section */
		0071BE099DF321F2074ABEAE /* DarkReaderWidget */ = {
			isa = PBXGroup;
			children = (
				633E74600263CF94AFC95B07 /* DarkReaderWidget.swift */,
				F6C59DDFA00E25611359043D /* Info.plist */,
				CEAEDC64C161CE473C0A4B20 /* DarkReaderWidget.entitlements */,
			);
			path = DarkReaderWidget;
			sourceTree = "<group>";
		};
		2B64F9C92F568E9D0052264B = {
			isa = PBXGroup;
			children = (
				2B64F9D42F568E9E0052264B /* DarkReader */,
				2B64F9E22F568EA10052264B /* DarkReaderTests */,
				2B64F9EC2F568EA10052264B /* DarkReaderUITests */,
				2B64FA532F568FE40052264B /* DarkReaderExtension */,
				2B64F9D32F568E9E0052264B /* Products */,
				0071BE099DF321F2074ABEAE /* DarkReaderWidget */,
			);
			sourceTree = "<group>";
		};
		2B64F9D32F568E9E0052264B /* Products */ = {
			isa = PBXGroup;
			children = (
				2B64F9D22F568E9E0052264B /* DarkReader.app */,
				2B64F9DF2F568EA10052264B /* DarkReaderTests.xctest */,
				2B64F9E92F568EA10052264B /* DarkReaderUITests.xctest */,
				2B64FA522F568FE40052264B /* DarkReaderExtension.appex */,
				FB4F3094848B57984E4A561E /* DarkReaderWidget.appex */,
			);
			name = Products;
			sourceTree = "<group>";
		};
/* End PBXGroup section */

/* Begin PBXNativeTarget section */
		2B64F9D12F568E9E0052264B /* DarkReader */ = {
			isa = PBXNativeTarget;
			buildConfigurationList = 2B64F9F32F568EA10052264B /* Build configuration list for PBXNativeTarget "DarkReader" */;
			buildPhases = (
				2B64F9CE2F568E9E0052264B /* Sources */,
				2B64F9CF2F568E9E0052264B /* Frameworks */,
				2B64F9D02F568E9E0052264B /* Resources */,
				2B64FA6B2F568FE40052264B /* Embed Foundation Extensions */,
			);
			buildRules = (
			);
			dependencies = (
				2B64FA692F568FE40052264B /* PBXTargetDependency */,
				BAA1823D38CDE2AB7CE1FFA8 /* PBXTargetDependency */,
			);
			fileSystemSynchronizedGroups = (
				2B64F9D42F568E9E0052264B /* DarkReader */,
			);
			name = DarkReader;
			productName = DarkReader;
			productReference = 2B64F9D22F568E9E0052264B /* DarkReader.app */;
			productType = "com.apple.product-type.application";
		};
		2B64F9DE2F568EA10052264B /* DarkReaderTests */ = {
			isa = PBXNativeTarget;
			buildConfigurationList = 2B64F9F62F568EA10052264B /* Build configuration list for PBXNativeTarget "DarkReaderTests" */;
			buildPhases = (
				2B64F9DB2F568EA10052264B /* Sources */,
				2B64F9DC2F568EA10052264B /* Frameworks */,
				2B64F9DD2F568EA10052264B /* Resources */,
			);
			buildRules = (
			);
			dependencies = (
				2B64F9E12F568EA10052264B /* PBXTargetDependency */,
			);
			fileSystemSynchronizedGroups = (
				2B64F9E22F568EA10052264B /* DarkReaderTests */,
			);
			name = DarkReaderTests;
			productName = DarkReaderTests;
			productReference = 2B64F9DF2F568EA10052264B /* DarkReaderTests.xctest */;
			productType = "com.apple.product-type.bundle.unit-test";
		};
		2B64F9E82F568EA10052264B /* DarkReaderUITests */ = {
			isa = PBXNativeTarget;
			buildConfigurationList = 2B64F9F92F568EA10052264B /* Build configuration list for PBXNativeTarget "DarkReaderUITests" */;
			buildPhases = (
				2B64F9E52F568EA10052264B /* Sources */,
				2B64F9E62F568EA10052264B /* Frameworks */,
				2B64F9E72F568EA10052264B /* Resources */,
			);
			buildRules = (
			);
			dependencies = (
				2B64F9EB2F568EA10052264B /* PBXTargetDependency */,
			);
			fileSystemSynchronizedGroups = (
				2B64F9EC2F568EA10052264B /* DarkReaderUITests */,
			);
			name = DarkReaderUITests;
			productName = DarkReaderUITests;
			productReference = 2B64F9E92F568EA10052264B /* DarkReaderUITests.xctest */;
			productType = "com.apple.product-type.bundle.ui-testing";
		};
		2B64FA512F568FE40052264B /* DarkReaderExtension */ = {
			isa = PBXNativeTarget;
			buildConfigurationList = 2B64FA6F2F568FE40052264B /* Build configuration list for PBXNativeTarget "DarkReaderExtension" */;
			buildPhases = (
				2B64FA4E2F568FE40052264B /* Sources */,
				2B64FA4F2F568FE40052264B /* Frameworks */,
				2B64FA502F568FE40052264B /* Resources */,
			);
			buildRules = (
			);
			dependencies = (
			);
			fileSystemSynchronizedGroups = (
				2B64FA532F568FE40052264B /* DarkReaderExtension */,
			);
			name = DarkReaderExtension;
			productName = DarkReaderExtension;
			productReference = 2B64FA522F568FE40052264B /* DarkReaderExtension.appex */;
			productType = "com.apple.product-type.app-extension";
		};
		F93B9B9EECE797290F34A041 /* DarkReaderWidget */ = {
			isa = PBXNativeTarget;
			buildConfigurationList = 1D947C1A1B834E4CB37FE973 /* Build configuration list for PBXNativeTarget "DarkReaderWidget" */;
			buildPhases = (
				FBC80BA582495E4F1E185B7D /* Sources */,
				3C09CDB5C65AA96D1FC82637 /* Frameworks */,
				F9E8C70EA6B14BAE2550BFCF /* Resources */,
			);
			buildRules = (
			);
			dependencies = (
			);
			name = DarkReaderWidget;
			productName = DarkReaderWidget;
			productReference = FB4F3094848B57984E4A561E /* DarkReaderWidget.appex */;
			productType = "com.apple.product-type.app-extension";
		};
/* End PBXNativeTarget section */

/* Begin PBXProject section */
		2B64F9CA2F568E9D0052264B /* Project object */ = {
			isa = PBXProject;
			attributes = {
				BuildIndependentTargetsInParallel = 1;
				LastSwiftUpdateCheck = 2630;
				LastUpgradeCheck = 2630;
				TargetAttributes = {
					2B64F9D12F568E9E0052264B = {
						CreatedOnToolsVersion = 26.3;
					};
					2B64F9DE2F568EA10052264B = {
						CreatedOnToolsVersion = 26.3;
						TestTargetID = 2B64F9D12F568E9E0052264B;
					};
					2B64F9E82F568EA10052264B = {
						CreatedOnToolsVersion = 26.3;
						TestTargetID = 2B64F9D12F568E9E0052264B;
					};
					2B64FA512F568FE40052264B = {
						CreatedOnToolsVersion = 26.3;
					};
				};
			};
			buildConfigurationList = 2B64F9CD2F568E9E0052264B /* Build configuration list for PBXProject "DarkReader" */;
			developmentRegion = en;
			hasScannedForEncodings = 0;
			knownRegions = (
				en,
				Base,
				"zh-Hans",
				ja,
			);
			mainGroup = 2B64F9C92F568E9D0052264B;
			minimizedProjectReferenceProxies = 1;
			preferredProjectObjectVersion = 77;
			productRefGroup = 2B64F9D32F568E9E0052264B /* Products */;
			projectDirPath = "";
			projectRoot = "";
			targets = (
				2B64F9D12F568E9E0052264B /* DarkReader */,
				2B64F9DE2F568EA10052264B /* DarkReaderTests */,
				2B64F9E82F568EA10052264B /* DarkReaderUITests */,
				2B64FA512F568FE40052264B /* DarkReaderExtension */,
				F93B9B9EECE797290F34A041 /* DarkReaderWidget */,
			);
		};
/* End PBXProject section */

/* Begin PBXResourcesBuildPhase section */
		2B64F9D02F568E9E0052264B /* Resources */ = {
			isa = PBXResourcesBuildPhase;
			buildActionMask = 2147483647;
			files = (
			);
			runOnlyForDeploymentPostprocessing = 0;
		};
		2B64F9DD2F568EA10052264B /* Resources */ = {
			isa = PBXResourcesBuildPhase;
			buildActionMask = 2147483647;
			files = (
			);
			runOnlyForDeploymentPostprocessing = 0;
		};
		2B64F9E72F568EA10052264B /* Resources */ = {
			isa = PBXResourcesBuildPhase;
			buildActionMask = 2147483647;
			files = (
			);
			runOnlyForDeploymentPostprocessing = 0;
		};
		2B64FA502F568FE40052264B /* Resources */ = {
			isa = PBXResourcesBuildPhase;
			buildActionMask = 2147483647;
			files = (
			);
			runOnlyForDeploymentPostprocessing = 0;
		};
		F9E8C70EA6B14BAE2550BFCF /* Resources */ = {
			isa = PBXResourcesBuildPhase;
			buildActionMask = 2147483647;
			files = (
			);
			runOnlyForDeploymentPostprocessing = 0;
		};
/* End PBXResourcesBuildPhase section */

/* Begin PBXSourcesBuildPhase section */
		2B64F9CE2F568E9E0052264B /* Sources */ = {
			isa = PBXSourcesBuildPhase;
			buildActionMask = 2147483647;
			files = (
			);
			runOnlyForDeploymentPostprocessing = 0;
		};
		2B64F9DB2F568EA10052264B /* Sources */ = {
			isa = PBXSourcesBuildPhase;
			buildActionMask = 2147483647;
			files = (
			);
			runOnlyForDeploymentPostprocessing = 0;
		};
		2B64F9E52F568EA10052264B /* Sources */ = {
			isa = PBXSourcesBuildPhase;
			buildActionMask = 2147483647;
			files = (
			);
			runOnlyForDeploymentPostprocessing = 0;
		};
		2B64FA4E2F568FE40052264B /* Sources */ = {
			isa = PBXSourcesBuildPhase;
			buildActionMask = 2147483647;
			files = (
			);
			runOnlyForDeploymentPostprocessing = 0;
		};
		FBC80BA582495E4F1E185B7D /* Sources */ = {
			isa = PBXSourcesBuildPhase;
			buildActionMask = 2147483647;
			files = (
				F6EB3B99185D2169F3769B45 /* DarkReaderWidget.swift in Sources */,
			);
			runOnlyForDeploymentPostprocessing = 0;
		};
/* End PBXSourcesBuildPhase section */

/* Begin PBXTargetDependency section */
		2B64F9E12F568EA10052264B /* PBXTargetDependency */ = {
			isa = PBXTargetDependency;
			target = 2B64F9D12F568E9E0052264B /* DarkReader */;
			targetProxy = 2B64F9E02F568EA10052264B /* PBXContainerItemProxy */;
		};
		2B64F9EB2F568EA10052264B /* PBXTargetDependency */ = {
			isa = PBXTargetDependency;
			target = 2B64F9D12F568E9E0052264B /* DarkReader */;
			targetProxy = 2B64F9EA2F568EA10052264B /* PBXContainerItemProxy */;
		};
		2B64FA692F568FE40052264B /* PBXTargetDependency */ = {
			isa = PBXTargetDependency;
			target = 2B64FA512F568FE40052264B /* DarkReaderExtension */;
			targetProxy = 2B64FA682F568FE40052264B /* PBXContainerItemProxy */;
		};
		BAA1823D38CDE2AB7CE1FFA8 /* PBXTargetDependency */ = {
			isa = PBXTargetDependency;
			name = DarkReaderWidget;
			target = F93B9B9EECE797290F34A041 /* DarkReaderWidget */;
			targetProxy = AB9A4B437519E110767AEFC5 /* PBXContainerItemProxy */;
		};
/* End PBXTargetDependency section */

/* Begin XCBuildConfiguration section */
		2B64F9F12F568EA10052264B /* Debug */ = {
			isa = XCBuildConfiguration;
			buildSettings = {
				ALWAYS_SEARCH_USER_PATHS = NO;
				ASSETCATALOG_COMPILER_GENERATE_SWIFT_ASSET_SYMBOL_EXTENSIONS = YES;
				CLANG_ANALYZER_NONNULL = YES;
				CLANG_ANALYZER_NUMBER_OBJECT_CONVERSION = YES_AGGRESSIVE;
				CLANG_CXX_LANGUAGE_STANDARD = "gnu++20";
				CLANG_ENABLE_MODULES = YES;
				CLANG_ENABLE_OBJC_ARC = YES;
				CLANG_ENABLE_OBJC_WEAK = YES;
				CLANG_WARN_BLOCK_CAPTURE_AUTORELEASING = YES;
				CLANG_WARN_BOOL_CONVERSION = YES;
				CLANG_WARN_COMMA = YES;
				CLANG_WARN_CONSTANT_CONVERSION = YES;
				CLANG_WARN_DEPRECATED_OBJC_IMPLEMENTATIONS = YES;
				CLANG_WARN_DIRECT_OBJC_ISA_USAGE = YES_ERROR;
				CLANG_WARN_DOCUMENTATION_COMMENTS = YES;
				CLANG_WARN_EMPTY_BODY = YES;
				CLANG_WARN_ENUM_CONVERSION = YES;
				CLANG_WARN_INFINITE_RECURSION = YES;
				CLANG_WARN_INT_CONVERSION = YES;
				CLANG_WARN_NON_LITERAL_NULL_CONVERSION = YES;
				CLANG_WARN_OBJC_IMPLICIT_RETAIN_SELF = YES;
				CLANG_WARN_OBJC_LITERAL_CONVERSION = YES;
				CLANG_WARN_OBJC_ROOT_CLASS = YES_ERROR;
				CLANG_WARN_QUOTED_INCLUDE_IN_FRAMEWORK_HEADER = YES;
				CLANG_WARN_RANGE_LOOP_ANALYSIS = YES;
				CLANG_WARN_STRICT_PROTOTYPES = YES;
				CLANG_WARN_SUSPICIOUS_MOVE = YES;
				CLANG_WARN_UNGUARDED_AVAILABILITY = YES_AGGRESSIVE;
				CLANG_WARN_UNREACHABLE_CODE = YES;
				CLANG_WARN__DUPLICATE_METHOD_MATCH = YES;
				COPY_PHASE_STRIP = NO;
				DEBUG_INFORMATION_FORMAT = dwarf;
				DEVELOPMENT_TEAM = 742UUCBN9G;
				ENABLE_STRICT_OBJC_MSGSEND = YES;
				ENABLE_TESTABILITY = YES;
				ENABLE_USER_SCRIPT_SANDBOXING = YES;
				GCC_C_LANGUAGE_STANDARD = gnu17;
				GCC_DYNAMIC_NO_PIC = NO;
				GCC_NO_COMMON_BLOCKS = YES;
				GCC_OPTIMIZATION_LEVEL = 0;
				GCC_PREPROCESSOR_DEFINITIONS = (
					"DEBUG=1",
					"$(inherited)",
				);
				GCC_WARN_64_TO_32_BIT_CONVERSION = YES;
				GCC_WARN_ABOUT_RETURN_TYPE = YES_ERROR;
				GCC_WARN_UNDECLARED_SELECTOR = YES;
				GCC_WARN_UNINITIALIZED_AUTOS = YES_AGGRESSIVE;
				GCC_WARN_UNUSED_FUNCTION = YES;
				GCC_WARN_UNUSED_VARIABLE = YES;
				LOCALIZATION_PREFERS_STRING_CATALOGS = YES;
				MTL_ENABLE_DEBUG_INFO = INCLUDE_SOURCE;
				MTL_FAST_MATH = YES;
				ONLY_ACTIVE_ARCH = YES;
				SWIFT_ACTIVE_COMPILATION_CONDITIONS = "DEBUG $(inherited)";
				SWIFT_OPTIMIZATION_LEVEL = "-Onone";
			};
			name = Debug;
		};
		2B64F9F22F568EA10052264B /* Release */ = {
			isa = XCBuildConfiguration;
			buildSettings = {
				ALWAYS_SEARCH_USER_PATHS = NO;
				ASSETCATALOG_COMPILER_GENERATE_SWIFT_ASSET_SYMBOL_EXTENSIONS = YES;
				CLANG_ANALYZER_NONNULL = YES;
				CLANG_ANALYZER_NUMBER_OBJECT_CONVERSION = YES_AGGRESSIVE;
				CLANG_CXX_LANGUAGE_STANDARD = "gnu++20";
				CLANG_ENABLE_MODULES = YES;
				CLANG_ENABLE_OBJC_ARC = YES;
				CLANG_ENABLE_OBJC_WEAK = YES;
				CLANG_WARN_BLOCK_CAPTURE_AUTORELEASING = YES;
				CLANG_WARN_BOOL_CONVERSION = YES;
				CLANG_WARN_COMMA = YES;
				CLANG_WARN_CONSTANT_CONVERSION = YES;
				CLANG_WARN_DEPRECATED_OBJC_IMPLEMENTATIONS = YES;
				CLANG_WARN_DIRECT_OBJC_ISA_USAGE = YES_ERROR;
				CLANG_WARN_DOCUMENTATION_COMMENTS = YES;
				CLANG_WARN_EMPTY_BODY = YES;
				CLANG_WARN_ENUM_CONVERSION = YES;
				CLANG_WARN_INFINITE_RECURSION = YES;
				CLANG_WARN_INT_CONVERSION = YES;
				CLANG_WARN_NON_LITERAL_NULL_CONVERSION = YES;
				CLANG_WARN_OBJC_IMPLICIT_RETAIN_SELF = YES;
				CLANG_WARN_OBJC_LITERAL_CONVERSION = YES;
				CLANG_WARN_OBJC_ROOT_CLASS = YES_ERROR;
				CLANG_WARN_QUOTED_INCLUDE_IN_FRAMEWORK_HEADER = YES;
				CLANG_WARN_RANGE_LOOP_ANALYSIS = YES;
				CLANG_WARN_STRICT_PROTOTYPES = YES;
				CLANG_WARN_SUSPICIOUS_MOVE = YES;
				CLANG_WARN_UNGUARDED_AVAILABILITY = YES_AGGRESSIVE;
				CLANG_WARN_UNREACHABLE_CODE = YES;
				CLANG_WARN__DUPLICATE_METHOD_MATCH = YES;
				COPY_PHASE_STRIP = NO;
				DEBUG_INFORMATION_FORMAT = "dwarf-with-dsym";
				DEVELOPMENT_TEAM = 742UUCBN9G;
				ENABLE_NS_ASSERTIONS = NO;
				ENABLE_STRICT_OBJC_MSGSEND = YES;
				ENABLE_USER_SCRIPT_SANDBOXING = YES;
				GCC_C_LANGUAGE_STANDARD = gnu17;
				GCC_NO_COMMON_BLOCKS = YES;
				GCC_WARN_64_TO_32_BIT_CONVERSION = YES;
				GCC_WARN_ABOUT_RETURN_TYPE = YES_ERROR;
				GCC_WARN_UNDECLARED_SELECTOR = YES;
				GCC_WARN_UNINITIALIZED_AUTOS = YES_AGGRESSIVE;
				GCC_WARN_UNUSED_FUNCTION = YES;
				GCC_WARN_UNUSED_VARIABLE = YES;
				LOCALIZATION_PREFERS_STRING_CATALOGS = YES;
				MTL_ENABLE_DEBUG_INFO = NO;
				MTL_FAST_MATH = YES;
				SWIFT_COMPILATION_MODE = wholemodule;
			};
			name = Release;
		};
		2B64F9F42F568EA10052264B /* Debug */ = {
			isa = XCBuildConfiguration;
			buildSettings = {
				ASSETCATALOG_COMPILER_APPICON_NAME = AppIcon;
				ASSETCATALOG_COMPILER_GLOBAL_ACCENT_COLOR_NAME = AccentColor;
				CODE_SIGN_ENTITLEMENTS = DarkReader/DarkReader.entitlements;
				CODE_SIGN_STYLE = Automatic;
				CURRENT_PROJECT_VERSION = 1;
				DEVELOPMENT_TEAM = 742UUCBN9G;
				ENABLE_APP_SANDBOX = YES;
				ENABLE_HARDENED_RUNTIME = YES;
				ENABLE_PREVIEWS = YES;
				ENABLE_USER_SELECTED_FILES = readonly;
				GENERATE_INFOPLIST_FILE = NO;
				INFOPLIST_FILE = DarkReader/Info.plist;
				"INFOPLIST_KEY_UIApplicationSceneManifest_Generation[sdk=iphoneos*]" = YES;
				"INFOPLIST_KEY_UIApplicationSceneManifest_Generation[sdk=iphonesimulator*]" = YES;
				"INFOPLIST_KEY_UIApplicationSupportsIndirectInputEvents[sdk=iphoneos*]" = YES;
				"INFOPLIST_KEY_UIApplicationSupportsIndirectInputEvents[sdk=iphonesimulator*]" = YES;
				"INFOPLIST_KEY_UILaunchScreen_Generation[sdk=iphoneos*]" = YES;
				"INFOPLIST_KEY_UILaunchScreen_Generation[sdk=iphonesimulator*]" = YES;
				"INFOPLIST_KEY_UIStatusBarStyle[sdk=iphoneos*]" = UIStatusBarStyleDefault;
				"INFOPLIST_KEY_UIStatusBarStyle[sdk=iphonesimulator*]" = UIStatusBarStyleDefault;
				INFOPLIST_KEY_UISupportedInterfaceOrientations_iPad = "UIInterfaceOrientationPortrait UIInterfaceOrientationPortraitUpsideDown UIInterfaceOrientationLandscapeLeft UIInterfaceOrientationLandscapeRight";
				INFOPLIST_KEY_UISupportedInterfaceOrientations_iPhone = "UIInterfaceOrientationPortrait UIInterfaceOrientationLandscapeLeft UIInterfaceOrientationLandscapeRight";
				IPHONEOS_DEPLOYMENT_TARGET = 15.6;
				LD_RUNPATH_SEARCH_PATHS = "@executable_path/Frameworks";
				"LD_RUNPATH_SEARCH_PATHS[sdk=macosx*]" = "@executable_path/../Frameworks";
				MACOSX_DEPLOYMENT_TARGET = 15.6;
				MARKETING_VERSION = 1.0;
				PRODUCT_BUNDLE_IDENTIFIER = com.timmy.darkreader.DarkReader;
				PRODUCT_NAME = "$(TARGET_NAME)";
				REGISTER_APP_GROUPS = YES;
				SDKROOT = auto;
				STRING_CATALOG_GENERATE_SYMBOLS = YES;
				SUPPORTED_PLATFORMS = "iphoneos iphonesimulator macosx xros xrsimulator";
				SWIFT_APPROACHABLE_CONCURRENCY = YES;
				SWIFT_DEFAULT_ACTOR_ISOLATION = MainActor;
				SWIFT_EMIT_LOC_STRINGS = YES;
				SWIFT_UPCOMING_FEATURE_MEMBER_IMPORT_VISIBILITY = YES;
				SWIFT_VERSION = 5.0;
				TARGETED_DEVICE_FAMILY = "1,2,7";
				XROS_DEPLOYMENT_TARGET = 26.2;
			};
			name = Debug;
		};
		2B64F9F52F568EA10052264B /* Release */ = {
			isa = XCBuildConfiguration;
			buildSettings = {
				ASSETCATALOG_COMPILER_APPICON_NAME = AppIcon;
				ASSETCATALOG_COMPILER_GLOBAL_ACCENT_COLOR_NAME = AccentColor;
				CODE_SIGN_ENTITLEMENTS = DarkReader/DarkReader.entitlements;
				CODE_SIGN_STYLE = Automatic;
				CURRENT_PROJECT_VERSION = 1;
				DEVELOPMENT_TEAM = 742UUCBN9G;
				ENABLE_APP_SANDBOX = YES;
				ENABLE_HARDENED_RUNTIME = YES;
				ENABLE_PREVIEWS = YES;
				ENABLE_USER_SELECTED_FILES = readonly;
				GENERATE_INFOPLIST_FILE = NO;
				INFOPLIST_FILE = DarkReader/Info.plist;
				"INFOPLIST_KEY_UIApplicationSceneManifest_Generation[sdk=iphoneos*]" = YES;
				"INFOPLIST_KEY_UIApplicationSceneManifest_Generation[sdk=iphonesimulator*]" = YES;
				"INFOPLIST_KEY_UIApplicationSupportsIndirectInputEvents[sdk=iphoneos*]" = YES;
				"INFOPLIST_KEY_UIApplicationSupportsIndirectInputEvents[sdk=iphonesimulator*]" = YES;
				"INFOPLIST_KEY_UILaunchScreen_Generation[sdk=iphoneos*]" = YES;
				"INFOPLIST_KEY_UILaunchScreen_Generation[sdk=iphonesimulator*]" = YES;
				"INFOPLIST_KEY_UIStatusBarStyle[sdk=iphoneos*]" = UIStatusBarStyleDefault;
				"INFOPLIST_KEY_UIStatusBarStyle[sdk=iphonesimulator*]" = UIStatusBarStyleDefault;
				INFOPLIST_KEY_UISupportedInterfaceOrientations_iPad = "UIInterfaceOrientationPortrait UIInterfaceOrientationPortraitUpsideDown UIInterfaceOrientationLandscapeLeft UIInterfaceOrientationLandscapeRight";
				INFOPLIST_KEY_UISupportedInterfaceOrientations_iPhone = "UIInterfaceOrientationPortrait UIInterfaceOrientationLandscapeLeft UIInterfaceOrientationLandscapeRight";
				IPHONEOS_DEPLOYMENT_TARGET = 15.6;
				LD_RUNPATH_SEARCH_PATHS = "@executable_path/Frameworks";
				"LD_RUNPATH_SEARCH_PATHS[sdk=macosx*]" = "@executable_path/../Frameworks";
				MACOSX_DEPLOYMENT_TARGET = 15.6;
				MARKETING_VERSION = 1.0;
				PRODUCT_BUNDLE_IDENTIFIER = com.timmy.darkreader.DarkReader;
				PRODUCT_NAME = "$(TARGET_NAME)";
				REGISTER_APP_GROUPS = YES;
				SDKROOT = auto;
				STRING_CATALOG_GENERATE_SYMBOLS = YES;
				SUPPORTED_PLATFORMS = "iphoneos iphonesimulator macosx xros xrsimulator";
				SWIFT_APPROACHABLE_CONCURRENCY = YES;
				SWIFT_DEFAULT_ACTOR_ISOLATION = MainActor;
				SWIFT_EMIT_LOC_STRINGS = YES;
				SWIFT_UPCOMING_FEATURE_MEMBER_IMPORT_VISIBILITY = YES;
				SWIFT_VERSION = 5.0;
				TARGETED_DEVICE_FAMILY = "1,2,7";
				XROS_DEPLOYMENT_TARGET = 26.2;
			};
			name = Release;
		};
		2B64F9F72F568EA10052264B /* Debug */ = {
			isa = XCBuildConfiguration;
			buildSettings = {
				BUNDLE_LOADER = "$(TEST_HOST)";
				CODE_SIGN_STYLE = Automatic;
				CURRENT_PROJECT_VERSION = 1;
				DEVELOPMENT_TEAM = 742UUCBN9G;
				GENERATE_INFOPLIST_FILE = YES;
				IPHONEOS_DEPLOYMENT_TARGET = 26.2;
				MACOSX_DEPLOYMENT_TARGET = 15.6;
				MARKETING_VERSION = 1.0;
				PRODUCT_BUNDLE_IDENTIFIER = com.timmy.darkreader.DarkReaderTests;
				PRODUCT_NAME = "$(TARGET_NAME)";
				SDKROOT = auto;
				STRING_CATALOG_GENERATE_SYMBOLS = NO;
				SUPPORTED_PLATFORMS = "iphoneos iphonesimulator macosx xros xrsimulator";
				SWIFT_APPROACHABLE_CONCURRENCY = YES;
				SWIFT_EMIT_LOC_STRINGS = NO;
				SWIFT_UPCOMING_FEATURE_MEMBER_IMPORT_VISIBILITY = YES;
				SWIFT_VERSION = 5.0;
				TARGETED_DEVICE_FAMILY = "1,2,7";
				TEST_HOST = "$(BUILT_PRODUCTS_DIR)/DarkReader.app/$(BUNDLE_EXECUTABLE_FOLDER_PATH)/DarkReader";
				XROS_DEPLOYMENT_TARGET = 26.2;
			};
			name = Debug;
		};
		2B64F9F82F568EA10052264B /* Release */ = {
			isa = XCBuildConfiguration;
			buildSettings = {
				BUNDLE_LOADER = "$(TEST_HOST)";
				CODE_SIGN_STYLE = Automatic;
				CURRENT_PROJECT_VERSION = 1;
				DEVELOPMENT_TEAM = 742UUCBN9G;
				GENERATE_INFOPLIST_FILE = YES;
				IPHONEOS_DEPLOYMENT_TARGET = 26.2;
				MACOSX_DEPLOYMENT_TARGET = 15.6;
				MARKETING_VERSION = 1.0;
				PRODUCT_BUNDLE_IDENTIFIER = com.timmy.darkreader.DarkReaderTests;
				PRODUCT_NAME = "$(TARGET_NAME)";
				SDKROOT = auto;
				STRING_CATALOG_GENERATE_SYMBOLS = NO;
				SUPPORTED_PLATFORMS = "iphoneos iphonesimulator macosx xros xrsimulator";
				SWIFT_APPROACHABLE_CONCURRENCY = YES;
				SWIFT_EMIT_LOC_STRINGS = NO;
				SWIFT_UPCOMING_FEATURE_MEMBER_IMPORT_VISIBILITY = YES;
				SWIFT_VERSION = 5.0;
				TARGETED_DEVICE_FAMILY = "1,2,7";
				TEST_HOST = "$(BUILT_PRODUCTS_DIR)/DarkReader.app/$(BUNDLE_EXECUTABLE_FOLDER_PATH)/DarkReader";
				XROS_DEPLOYMENT_TARGET = 26.2;
			};
			name = Release;
		};
		2B64F9FA2F568EA10052264B /* Debug */ = {
			isa = XCBuildConfiguration;
			buildSettings = {
				CODE_SIGN_STYLE = Automatic;
				CURRENT_PROJECT_VERSION = 1;
				DEVELOPMENT_TEAM = 742UUCBN9G;
				GENERATE_INFOPLIST_FILE = YES;
				IPHONEOS_DEPLOYMENT_TARGET = 26.2;
				MACOSX_DEPLOYMENT_TARGET = 15.6;
				MARKETING_VERSION = 1.0;
				PRODUCT_BUNDLE_IDENTIFIER = com.timmy.darkreader.DarkReaderUITests;
				PRODUCT_NAME = "$(TARGET_NAME)";
				SDKROOT = auto;
				STRING_CATALOG_GENERATE_SYMBOLS = NO;
				SUPPORTED_PLATFORMS = "iphoneos iphonesimulator macosx xros xrsimulator";
				SWIFT_APPROACHABLE_CONCURRENCY = YES;
				SWIFT_EMIT_LOC_STRINGS = NO;
				SWIFT_UPCOMING_FEATURE_MEMBER_IMPORT_VISIBILITY = YES;
				SWIFT_VERSION = 5.0;
				TARGETED_DEVICE_FAMILY = "1,2,7";
				TEST_TARGET_NAME = DarkReader;
				XROS_DEPLOYMENT_TARGET = 26.2;
			};
			name = Debug;
		};
		2B64F9FB2F568EA10052264B /* Release */ = {
			isa = XCBuildConfiguration;
			buildSettings = {
				CODE_SIGN_STYLE = Automatic;
				CURRENT_PROJECT_VERSION = 1;
				DEVELOPMENT_TEAM = 742UUCBN9G;
				GENERATE_INFOPLIST_FILE = YES;
				IPHONEOS_DEPLOYMENT_TARGET = 26.2;
				MACOSX_DEPLOYMENT_TARGET = 15.6;
				MARKETING_VERSION = 1.0;
				PRODUCT_BUNDLE_IDENTIFIER = com.timmy.darkreader.DarkReaderUITests;
				PRODUCT_NAME = "$(TARGET_NAME)";
				SDKROOT = auto;
				STRING_CATALOG_GENERATE_SYMBOLS = NO;
				SUPPORTED_PLATFORMS = "iphoneos iphonesimulator macosx xros xrsimulator";
				SWIFT_APPROACHABLE_CONCURRENCY = YES;
				SWIFT_EMIT_LOC_STRINGS = NO;
				SWIFT_UPCOMING_FEATURE_MEMBER_IMPORT_VISIBILITY = YES;
				SWIFT_VERSION = 5.0;
				TARGETED_DEVICE_FAMILY = "1,2,7";
				TEST_TARGET_NAME = DarkReader;
				XROS_DEPLOYMENT_TARGET = 26.2;
			};
			name = Release;
		};
		2B64FA6C2F568FE40052264B /* Debug */ = {
			isa = XCBuildConfiguration;
			buildSettings = {
				CODE_SIGN_ENTITLEMENTS = DarkReaderExtension/DarkReaderExtension.entitlements;
				CODE_SIGN_STYLE = Automatic;
				CURRENT_PROJECT_VERSION = 1;
				DEVELOPMENT_TEAM = 742UUCBN9G;
				GENERATE_INFOPLIST_FILE = YES;
				INFOPLIST_FILE = DarkReaderExtension/Info.plist;
				INFOPLIST_KEY_CFBundleDisplayName = AutoDark;
				INFOPLIST_KEY_NSHumanReadableCopyright = "";
				IPHONEOS_DEPLOYMENT_TARGET = 15.6;
				LD_RUNPATH_SEARCH_PATHS = (
					"$(inherited)",
					"@executable_path/Frameworks",
					"@executable_path/../../Frameworks",
				);
				MARKETING_VERSION = 1.0;
				OTHER_LDFLAGS = (
					"-framework",
					SafariServices,
				);
				PRODUCT_BUNDLE_IDENTIFIER = com.timmy.darkreader.DarkReader.DarkReaderExtension;
				PRODUCT_NAME = "$(TARGET_NAME)";
				SDKROOT = iphoneos;
				SKIP_INSTALL = YES;
				STRING_CATALOG_GENERATE_SYMBOLS = YES;
				SWIFT_APPROACHABLE_CONCURRENCY = YES;
				SWIFT_EMIT_LOC_STRINGS = YES;
				SWIFT_UPCOMING_FEATURE_MEMBER_IMPORT_VISIBILITY = YES;
				SWIFT_VERSION = 5.0;
				TARGETED_DEVICE_FAMILY = "1,2";
			};
			name = Debug;
		};
		2B64FA6D2F568FE40052264B /* Release */ = {
			isa = XCBuildConfiguration;
			buildSettings = {
				CODE_SIGN_ENTITLEMENTS = DarkReaderExtension/DarkReaderExtension.entitlements;
				CODE_SIGN_STYLE = Automatic;
				CURRENT_PROJECT_VERSION = 1;
				DEVELOPMENT_TEAM = 742UUCBN9G;
				GENERATE_INFOPLIST_FILE = YES;
				INFOPLIST_FILE = DarkReaderExtension/Info.plist;
				INFOPLIST_KEY_CFBundleDisplayName = AutoDark;
				INFOPLIST_KEY_NSHumanReadableCopyright = "";
				IPHONEOS_DEPLOYMENT_TARGET = 15.6;
				LD_RUNPATH_SEARCH_PATHS = (
					"$(inherited)",
					"@executable_path/Frameworks",
					"@executable_path/../../Frameworks",
				);
				MARKETING_VERSION = 1.0;
				OTHER_LDFLAGS = (
					"-framework",
					SafariServices,
				);
				PRODUCT_BUNDLE_IDENTIFIER = com.timmy.darkreader.DarkReader.DarkReaderExtension;
				PRODUCT_NAME = "$(TARGET_NAME)";
				SDKROOT = iphoneos;
				SKIP_INSTALL = YES;
				STRING_CATALOG_GENERATE_SYMBOLS = YES;
				SWIFT_APPROACHABLE_CONCURRENCY = YES;
				SWIFT_EMIT_LOC_STRINGS = YES;
				SWIFT_UPCOMING_FEATURE_MEMBER_IMPORT_VISIBILITY = YES;
				SWIFT_VERSION = 5.0;
				TARGETED_DEVICE_FAMILY = "1,2";
				VALIDATE_PRODUCT = YES;
			};
			name = Release;
		};
		C6BDA3951F6241D77ADA6528 /* Debug */ = {
			isa = XCBuildConfiguration;
			buildSettings = {
				APPLICATION_EXTENSION_API_ONLY = YES;
				CLANG_ENABLE_OBJC_WEAK = NO;
				CODE_SIGN_ENTITLEMENTS = DarkReaderWidget/DarkReaderWidget.entitlements;
				CODE_SIGN_STYLE = Automatic;
				CURRENT_PROJECT_VERSION = 1;
				DEVELOPMENT_TEAM = 742UUCBN9G;
				GENERATE_INFOPLIST_FILE = NO;
				INFOPLIST_FILE = DarkReaderWidget/Info.plist;
				INFOPLIST_KEY_CFBundleDisplayName = "护眼统计";
				IPHONEOS_DEPLOYMENT_TARGET = 15.6;
				LD_RUNPATH_SEARCH_PATHS = (
					"$(inherited)",
					"@executable_path/Frameworks",
					"@executable_path/../../Frameworks",
				);
				MARKETING_VERSION = 1.0;
				PRODUCT_BUNDLE_IDENTIFIER = com.timmy.darkreader.DarkReader.DarkReaderWidget;
				PRODUCT_NAME = "$(TARGET_NAME)";
				SDKROOT = iphoneos;
				SKIP_INSTALL = YES;
				STRING_CATALOG_GENERATE_SYMBOLS = YES;
				SWIFT_APPROACHABLE_CONCURRENCY = YES;
				SWIFT_EMIT_LOC_STRINGS = YES;
				SWIFT_UPCOMING_FEATURE_MEMBER_IMPORT_VISIBILITY = YES;
				SWIFT_VERSION = 5.0;
				TARGETED_DEVICE_FAMILY = "1,2";
			};
			name = Debug;
		};
		CEBB41D2953429ED4FA7430A /* Release */ = {
			isa = XCBuildConfiguration;
			buildSettings = {
				APPLICATION_EXTENSION_API_ONLY = YES;
				CLANG_ENABLE_OBJC_WEAK = NO;
				CODE_SIGN_ENTITLEMENTS = DarkReaderWidget/DarkReaderWidget.entitlements;
				CODE_SIGN_STYLE = Automatic;
				CURRENT_PROJECT_VERSION = 1;
				DEVELOPMENT_TEAM = 742UUCBN9G;
				GENERATE_INFOPLIST_FILE = NO;
				INFOPLIST_FILE = DarkReaderWidget/Info.plist;
				INFOPLIST_KEY_CFBundleDisplayName = "护眼统计";
				IPHONEOS_DEPLOYMENT_TARGET = 15.6;
				LD_RUNPATH_SEARCH_PATHS = (
					"$(inherited)",
					"@executable_path/Frameworks",
					"@executable_path/../../Frameworks",
				);
				MARKETING_VERSION = 1.0;
				PRODUCT_BUNDLE_IDENTIFIER = com.timmy.darkreader.DarkReader.DarkReaderWidget;
				PRODUCT_NAME = "$(TARGET_NAME)";
				SDKROOT = iphoneos;
				SKIP_INSTALL = YES;
				STRING_CATALOG_GENERATE_SYMBOLS = YES;
				SWIFT_APPROACHABLE_CONCURRENCY = YES;
				SWIFT_EMIT_LOC_STRINGS = YES;
				SWIFT_UPCOMING_FEATURE_MEMBER_IMPORT_VISIBILITY = YES;
				SWIFT_VERSION = 5.0;
				TARGETED_DEVICE_FAMILY = "1,2";
				VALIDATE_PRODUCT = YES;
			};
			name = Release;
		};
/* End XCBuildConfiguration section */

/* Begin XCConfigurationList section */
		1D947C1A1B834E4CB37FE973 /* Build configuration list for PBXNativeTarget "DarkReaderWidget" */ = {
			isa = XCConfigurationList;
			buildConfigurations = (
				CEBB41D2953429ED4FA7430A /* Release */,
				C6BDA3951F6241D77ADA6528 /* Debug */,
			);
			defaultConfigurationIsVisible = 0;
			defaultConfigurationName = Release;
		};
		2B64F9CD2F568E9E0052264B /* Build configuration list for PBXProject "DarkReader" */ = {
			isa = XCConfigurationList;
			buildConfigurations = (
				2B64F9F12F568EA10052264B /* Debug */,
				2B64F9F22F568EA10052264B /* Release */,
			);
			defaultConfigurationIsVisible = 0;
			defaultConfigurationName = Release;
		};
		2B64F9F32F568EA10052264B /* Build configuration list for PBXNativeTarget "DarkReader" */ = {
			isa = XCConfigurationList;
			buildConfigurations = (
				2B64F9F42F568EA10052264B /* Debug */,
				2B64F9F52F568EA10052264B /* Release */,
			);
			defaultConfigurationIsVisible = 0;
			defaultConfigurationName = Release;
		};
		2B64F9F62F568EA10052264B /* Build configuration list for PBXNativeTarget "DarkReaderTests" */ = {
			isa = XCConfigurationList;
			buildConfigurations = (
				2B64F9F72F568EA10052264B /* Debug */,
				2B64F9F82F568EA10052264B /* Release */,
			);
			defaultConfigurationIsVisible = 0;
			defaultConfigurationName = Release;
		};
		2B64F9F92F568EA10052264B /* Build configuration list for PBXNativeTarget "DarkReaderUITests" */ = {
			isa = XCConfigurationList;
			buildConfigurations = (
				2B64F9FA2F568EA10052264B /* Debug */,
				2B64F9FB2F568EA10052264B /* Release */,
			);
			defaultConfigurationIsVisible = 0;
			defaultConfigurationName = Release;
		};
		2B64FA6F2F568FE40052264B /* Build configuration list for PBXNativeTarget "DarkReaderExtension" */ = {
			isa = XCConfigurationList;
			buildConfigurations = (
				2B64FA6C2F568FE40052264B /* Debug */,
				2B64FA6D2F568FE40052264B /* Release */,
			);
			defaultConfigurationIsVisible = 0;
			defaultConfigurationName = Release;
		};
/* End XCConfigurationList section */
	};
	rootObject = 2B64F9CA2F568E9D0052264B /* Project object */;
}
